
Microsoft Visual Studio Solution File, Format Version 12.00
# Visual Studio Version 17
VisualStudioVersion = 17.4.33122.133
MinimumVisualStudioVersion = 10.0.40219.1
Project("{FAE04EC0-301F-11D3-BF4B-00C04F79EFBC}") = "RandomTest", "RandomTest.csproj", "{A8D48AC3-4498-496F-AA2D-465543373000}"
EndProject
Global
	GlobalSection(SolutionConfigurationPlatforms) = preSolution
		Debug|Any CPU = Debug|Any CPU
		Release|Any CPU = Release|Any CPU
	EndGlobalSection
	GlobalSection(ProjectConfigurationPlatforms) = postSolution
		{A8D48AC3-4498-496F-AA2D-465543373000}.Debug|Any CPU.ActiveCfg = Debug|Any CPU
		{A8D48AC3-4498-496F-AA2D-465543373000}.Debug|Any CPU.Build.0 = Debug|Any CPU
		{A8D48AC3-4498-496F-AA2D-465543373000}.Release|Any CPU.ActiveCfg = Release|Any CPU
		{A8D48AC3-4498-496F-AA2D-465543373000}.Release|Any CPU.Build.0 = Release|Any CPU
	EndGlobalSection
	GlobalSection(SolutionProperties) = preSolution
		HideSolutionNode = FALSE
	EndGlobalSection
	GlobalSection(ExtensibilityGlobals) = postSolution
		SolutionGuid = {84B7086A-9FB8-4D40-90E9-86D03AE523C0}
	EndGlobalSection
EndGlobal
